
Microsoft Visual Studio Solution File, Format Version 12.00
# Visual Studio Version 16
VisualStudioVersion = 16.0.29403.142
MinimumVisualStudioVersion = 10.0.40219.1
Project("{FAE04EC0-301F-11D3-BF4B-00C04F79EFBC}") = "SharpServer", "SharpServer\SharpServer.csproj", "{0D15E0E3-BCFD-4A85-ADCD-0E751DAB4DD6}"
EndProject
Global
	GlobalSection(SolutionConfigurationPlatforms) = preSolution
		Debug|Any CPU = Debug|Any CPU
		Release|Any CPU = Release|Any CPU
	EndGlobalSection
	GlobalSection(ProjectConfigurationPlatforms) = postSolution
		{0D15E0E3-BCFD-4A85-ADCD-0E751DAB4DD6}.Debug|Any CPU.ActiveCfg = Debug|Any CPU
		{0D15E0E3-BCFD-4A85-ADCD-0E751DAB4DD6}.Debug|Any CPU.Build.0 = Debug|Any CPU
		{0D15E0E3-BCFD-4A85-ADCD-0E751DAB4DD6}.Release|Any CPU.ActiveCfg = Release|Any CPU
		{0D15E0E3-BCFD-4A85-ADCD-0E751DAB4DD6}.Release|Any CPU.Build.0 = Release|Any CPU
	EndGlobalSection
	GlobalSection(SolutionProperties) = preSolution
		HideSolutionNode = FALSE
	EndGlobalSection
	GlobalSection(ExtensibilityGlobals) = postSolution
		SolutionGuid = {F6461EB8-0F0D-4C65-A247-37400E2DF0D5}
	EndGlobalSection
EndGlobal
