
Microsoft Visual Studio Solution File, Format Version 12.00
# Visual Studio Version 16
VisualStudioVersion = 16.0.29403.142
MinimumVisualStudioVersion = 10.0.40219.1
Project("{FAE04EC0-301F-11D3-BF4B-00C04F79EFBC}") = "InstallUtilTest", "InstallUtilTest\InstallUtilTest.csproj", "{9EA4E0DC-9723-4D93-85BB-A4FCAB0AD210}"
EndProject
Project("{FAE04EC0-301F-11D3-BF4B-00C04F79EFBC}") = "buildit", "buildit\buildit.csproj", "{42E8B9E1-0CF4-46AE-B573-9D0563E41238}"
EndProject
Project("{FAE04EC0-301F-11D3-BF4B-00C04F79EFBC}") = "Consoleinst", "Consoleinst\Consoleinst.csproj", "{6D2B239C-BA1E-43EC-8334-D67D52B77181}"
EndProject
Global
	GlobalSection(SolutionConfigurationPlatforms) = preSolution
		Debug|Any CPU = Debug|Any CPU
		Release|Any CPU = Release|Any CPU
	EndGlobalSection
	GlobalSection(ProjectConfigurationPlatforms) = postSolution
		{9EA4E0DC-9723-4D93-85BB-A4FCAB0AD210}.Debug|Any CPU.ActiveCfg = Debug|Any CPU
		{9EA4E0DC-9723-4D93-85BB-A4FCAB0AD210}.Debug|Any CPU.Build.0 = Debug|Any CPU
		{9EA4E0DC-9723-4D93-85BB-A4FCAB0AD210}.Release|Any CPU.ActiveCfg = Release|Any CPU
		{9EA4E0DC-9723-4D93-85BB-A4FCAB0AD210}.Release|Any CPU.Build.0 = Release|Any CPU
		{42E8B9E1-0CF4-46AE-B573-9D0563E41238}.Debug|Any CPU.ActiveCfg = Debug|Any CPU
		{42E8B9E1-0CF4-46AE-B573-9D0563E41238}.Debug|Any CPU.Build.0 = Debug|Any CPU
		{42E8B9E1-0CF4-46AE-B573-9D0563E41238}.Release|Any CPU.ActiveCfg = Release|Any CPU
		{42E8B9E1-0CF4-46AE-B573-9D0563E41238}.Release|Any CPU.Build.0 = Release|Any CPU
		{6D2B239C-BA1E-43EC-8334-D67D52B77181}.Debug|Any CPU.ActiveCfg = Debug|Any CPU
		{6D2B239C-BA1E-43EC-8334-D67D52B77181}.Debug|Any CPU.Build.0 = Debug|Any CPU
		{6D2B239C-BA1E-43EC-8334-D67D52B77181}.Release|Any CPU.ActiveCfg = Release|Any CPU
		{6D2B239C-BA1E-43EC-8334-D67D52B77181}.Release|Any CPU.Build.0 = Release|Any CPU
	EndGlobalSection
	GlobalSection(SolutionProperties) = preSolution
		HideSolutionNode = FALSE
	EndGlobalSection
	GlobalSection(ExtensibilityGlobals) = postSolution
		SolutionGuid = {C7AD9D1C-819F-4D89-A515-B43A2F23AE3A}
	EndGlobalSection
EndGlobal
